// !$*UTF8*$!
{
	archiveVersion = 1;
	classes = {
	};
	objectVersion = 46;
	objects = {

/* Begin PBXBuildFile section */
		9DB48147239DE5D4345F1F0C /* libPods.a in Frameworks */ = {isa = PBXBuildFile; fileRef = 251671FF02CAF43658B4D6D7 /* libPods.a */; };
		D42A9AAB1A9F2F6400A7F48D /* 18271_PHOTO.png in Resources */ = {isa = PBXBuildFile; fileRef = D42A9AAA1A9F2F6400A7F48D /* 18271_PHOTO.png */; };
		D42A9AAD1A9F30BA00A7F48D /* yjimage.png in Resources */ = {isa = PBXBuildFile; fileRef = D42A9AAC1A9F30BA00A7F48D /* yjimage.png */; };
		D432A9D31A77C11800EB5FD4 /* flower-back1086.jpg in Resources */ = {isa = PBXBuildFile; fileRef = D432A9D21A77C11800EB5FD4 /* flower-back1086.jpg */; };
		D432A9DB1A7A4D0000EB5FD4 /* Flowers-Field-Nature-Sunny-iphone-5-wallpaper-ilikewallpaper_com.jpg in Resources */ = {isa = PBXBuildFile; fileRef = D432A9DA1A7A4D0000EB5FD4 /* Flowers-Field-Nature-Sunny-iphone-5-wallpaper-ilikewallpaper_com.jpg */; };
		D432A9DD1A7A4D0300EB5FD4 /* eac94babbc2f6c7_320x480.jpg in Resources */ = {isa = PBXBuildFile; fileRef = D432A9DC1A7A4D0300EB5FD4 /* eac94babbc2f6c7_320x480.jpg */; };
		D432A9DF1A7A4D0500EB5FD4 /* 0012_1136_640-348x618.png in Resources */ = {isa = PBXBuildFile; fileRef = D432A9DE1A7A4D0500EB5FD4 /* 0012_1136_640-348x618.png */; };
		D432A9E11A7F5DE600EB5FD4 /* pazuru.png in Resources */ = {isa = PBXBuildFile; fileRef = D432A9E01A7F5DE600EB5FD4 /* pazuru.png */; };
		D432A9F31A8CC7B100EB5FD4 /* Abstract Floral Vector Illustration Artwork.jpg in Resources */ = {isa = PBXBuildFile; fileRef = D432A9F21A8CC7B100EB5FD4 /* Abstract Floral Vector Illustration Artwork.jpg */; };
		D49632E81AB19836001B9F34 /* AudioToolbox.framework in Frameworks */ = {isa = PBXBuildFile; fileRef = D49632E71AB19836001B9F34 /* AudioToolbox.framework */; };
		D49632EC1AB19F50001B9F34 /* AVFoundation.framework in Frameworks */ = {isa = PBXBuildFile; fileRef = D49632EB1AB19F50001B9F34 /* AVFoundation.framework */; };
		D49632EE1AB1A1E7001B9F34 /* 2877.mp3 in Resources */ = {isa = PBXBuildFile; fileRef = D49632ED1AB1A1E7001B9F34 /* 2877.mp3 */; };
		D49632F01AB1A3F5001B9F34 /* 182.mp3 in Resources */ = {isa = PBXBuildFile; fileRef = D49632EF1AB1A3F5001B9F34 /* 182.mp3 */; };
		D4D082571A90B99A003C61B7 /* 15.png in Resources */ = {isa = PBXBuildFile; fileRef = D4D082561A90B99A003C61B7 /* 15.png */; };
		D4D082591A95F625003C61B7 /* free_button_psd_2.png in Resources */ = {isa = PBXBuildFile; fileRef = D4D082581A95F624003C61B7 /* free_button_psd_2.png */; };
		D4DC62711AB5613700187471 /* iAd.framework in Frameworks */ = {isa = PBXBuildFile; fileRef = D4DC62701AB5613700187471 /* iAd.framework */; };
		D4DC62751ABAD48900187471 /* 花.png in Resources */ = {isa = PBXBuildFile; fileRef = D4DC62741ABAD48900187471 /* 花.png */; };
		D4EA65B81A1E07C2002F3DAF /* GameOverViewController.m in Sources */ = {isa = PBXBuildFile; fileRef = D4EA65B71A1E07C2002F3DAF /* GameOverViewController.m */; };
		D4EA65BB1A1E0818002F3DAF /* GameViewController.m in Sources */ = {isa = PBXBuildFile; fileRef = D4EA65BA1A1E0818002F3DAF /* GameViewController.m */; };
		D4EA65BE1A1E0904002F3DAF /* SettingViewController.m in Sources */ = {isa = PBXBuildFile; fileRef = D4EA65BD1A1E0904002F3DAF /* SettingViewController.m */; };
		D4EA65C81A39B657002F3DAF /* cat.png in Resources */ = {isa = PBXBuildFile; fileRef = D4EA65C71A39B657002F3DAF /* cat.png */; };
		D4FD46471A14C3AC00EC596E /* Foundation.framework in Frameworks */ = {isa = PBXBuildFile; fileRef = D4FD46461A14C3AC00EC596E /* Foundation.framework */; };
		D4FD46491A14C3AD00EC596E /* CoreGraphics.framework in Frameworks */ = {isa = PBXBuildFile; fileRef = D4FD46481A14C3AD00EC596E /* CoreGraphics.framework */; };
		D4FD464B1A14C3AD00EC596E /* UIKit.framework in Frameworks */ = {isa = PBXBuildFile; fileRef = D4FD464A1A14C3AD00EC596E /* UIKit.framework */; };
		D4FD46511A14C3AD00EC596E /* InfoPlist.strings in Resources */ = {isa = PBXBuildFile; fileRef = D4FD464F1A14C3AD00EC596E /* InfoPlist.strings */; };
		D4FD46531A14C3AD00EC596E /* main.m in Sources */ = {isa = PBXBuildFile; fileRef = D4FD46521A14C3AD00EC596E /* main.m */; };
		D4FD46571A14C3AD00EC596E /* AppDelegate.m in Sources */ = {isa = PBXBuildFile; fileRef = D4FD46561A14C3AD00EC596E /* AppDelegate.m */; };
		D4FD465A1A14C3AD00EC596E /* Main.storyboard in Resources */ = {isa = PBXBuildFile; fileRef = D4FD46581A14C3AD00EC596E /* Main.storyboard */; };
		D4FD465D1A14C3AD00EC596E /* ViewController.m in Sources */ = {isa = PBXBuildFile; fileRef = D4FD465C1A14C3AD00EC596E /* ViewController.m */; };
		D4FD465F1A14C3AD00EC596E /* Images.xcassets in Resources */ = {isa = PBXBuildFile; fileRef = D4FD465E1A14C3AD00EC596E /* Images.xcassets */; };
		D4FD46661A14C3AD00EC596E /* XCTest.framework in Frameworks */ = {isa = PBXBuildFile; fileRef = D4FD46651A14C3AD00EC596E /* XCTest.framework */; };
		D4FD46671A14C3AD00EC596E /* Foundation.framework in Frameworks */ = {isa = PBXBuildFile; fileRef = D4FD46461A14C3AC00EC596E /* Foundation.framework */; };
		D4FD46681A14C3AD00EC596E /* UIKit.framework in Frameworks */ = {isa = PBXBuildFile; fileRef = D4FD464A1A14C3AD00EC596E /* UIKit.framework */; };
		D4FD46701A14C3AD00EC596E /* InfoPlist.strings in Resources */ = {isa = PBXBuildFile; fileRef = D4FD466E1A14C3AD00EC596E /* InfoPlist.strings */; };
		D4FD46721A14C3AD00EC596E /* puzzleTests.m in Sources */ = {isa = PBXBuildFile; fileRef = D4FD46711A14C3AD00EC596E /* puzzleTests.m */; };
/* End PBXBuildFile section */

/* Begin PBXContainerItemProxy section */
		D4FD46691A14C3AD00EC596E /* PBXContainerItemProxy */ = {
			isa = PBXContainerItemProxy;
			containerPortal = D4FD463B1A14C3AC00EC596E /* Project object */;
			proxyType = 1;
			remoteGlobalIDString = D4FD46421A14C3AC00EC596E;
			remoteInfo = puzzle;
		};
/* End PBXContainerItemProxy section */

/* Begin PBXFileReference section */
		251671FF02CAF43658B4D6D7 /* libPods.a */ = {isa = PBXFileReference; explicitFileType = archive.ar; includeInIndex = 0; path = libPods.a; sourceTree = BUILT_PRODUCTS_DIR; };
		29C0F5C5A387EAE0602137B4 /* Pods.debug.xcconfig */ = {isa = PBXFileReference; includeInIndex = 1; lastKnownFileType = text.xcconfig; name = Pods.debug.xcconfig; path = "Pods/Target Support Files/Pods/Pods.debug.xcconfig"; sourceTree = "<group>"; };
		6D441C4B5236D91B1A3C68CB /* Pods.release.xcconfig */ = {isa = PBXFileReference; includeInIndex = 1; lastKnownFileType = text.xcconfig; name = Pods.release.xcconfig; path = "Pods/Target Support Files/Pods/Pods.release.xcconfig"; sourceTree = "<group>"; };
		D42A9AAA1A9F2F6400A7F48D /* 18271_PHOTO.png */ = {isa = PBXFileReference; lastKnownFileType = image.png; path = 18271_PHOTO.png; sourceTree = "<group>"; };
		D42A9AAC1A9F30BA00A7F48D /* yjimage.png */ = {isa = PBXFileReference; lastKnownFileType = image.png; path = yjimage.png; sourceTree = "<group>"; };
		D432A9D21A77C11800EB5FD4 /* flower-back1086.jpg */ = {isa = PBXFileReference; lastKnownFileType = image.jpeg; path = "flower-back1086.jpg"; sourceTree = "<group>"; };
		D432A9DA1A7A4D0000EB5FD4 /* Flowers-Field-Nature-Sunny-iphone-5-wallpaper-ilikewallpaper_com.jpg */ = {isa = PBXFileReference; lastKnownFileType = image.jpeg; path = "Flowers-Field-Nature-Sunny-iphone-5-wallpaper-ilikewallpaper_com.jpg"; sourceTree = "<group>"; };
		D432A9DC1A7A4D0300EB5FD4 /* eac94babbc2f6c7_320x480.jpg */ = {isa = PBXFileReference; lastKnownFileType = image.jpeg; path = eac94babbc2f6c7_320x480.jpg; sourceTree = "<group>"; };
		D432A9DE1A7A4D0500EB5FD4 /* 0012_1136_640-348x618.png */ = {isa = PBXFileReference; lastKnownFileType = image.png; path = "0012_1136_640-348x618.png"; sourceTree = "<group>"; };
		D432A9E01A7F5DE600EB5FD4 /* pazuru.png */ = {isa = PBXFileReference; lastKnownFileType = image.png; path = pazuru.png; sourceTree = "<group>"; };
		D432A9F21A8CC7B100EB5FD4 /* Abstract Floral Vector Illustration Artwork.jpg */ = {isa = PBXFileReference; lastKnownFileType = image.jpeg; path = "Abstract Floral Vector Illustration Artwork.jpg"; sourceTree = "<group>"; };
		D49632E71AB19836001B9F34 /* AudioToolbox.framework */ = {isa = PBXFileReference; lastKnownFileType = wrapper.framework; name = AudioToolbox.framework; path = System/Library/Frameworks/AudioToolbox.framework; sourceTree = SDKROOT; };
		D49632EB1AB19F50001B9F34 /* AVFoundation.framework */ = {isa = PBXFileReference; lastKnownFileType = wrapper.framework; name = AVFoundation.framework; path = System/Library/Frameworks/AVFoundation.framework; sourceTree = SDKROOT; };
		D49632ED1AB1A1E7001B9F34 /* 2877.mp3 */ = {isa = PBXFileReference; lastKnownFileType = audio.mp3; path = 2877.mp3; sourceTree = "<group>"; };
		D49632EF1AB1A3F5001B9F34 /* 182.mp3 */ = {isa = PBXFileReference; lastKnownFileType = audio.mp3; path = 182.mp3; sourceTree = "<group>"; };
		D4D082561A90B99A003C61B7 /* 15.png */ = {isa = PBXFileReference; lastKnownFileType = image.png; path = 15.png; sourceTree = "<group>"; };
		D4D082581A95F624003C61B7 /* free_button_psd_2.png */ = {isa = PBXFileReference; lastKnownFileType = image.png; path = free_button_psd_2.png; sourceTree = "<group>"; };
		D4DC62701AB5613700187471 /* iAd.framework */ = {isa = PBXFileReference; lastKnownFileType = wrapper.framework; name = iAd.framework; path = System/Library/Frameworks/iAd.framework; sourceTree = SDKROOT; };
		D4DC62741ABAD48900187471 /* 花.png */ = {isa = PBXFileReference; lastKnownFileType = image.png; path = "花.png"; sourceTree = "<group>"; };
		D4EA65B61A1E07C2002F3DAF /* GameOverViewController.h */ = {isa = PBXFileReference; fileEncoding = 4; lastKnownFileType = sourcecode.c.h; path = GameOverViewController.h; sourceTree = "<group>"; };
		D4EA65B71A1E07C2002F3DAF /* GameOverViewController.m */ = {isa = PBXFileReference; fileEncoding = 4; lastKnownFileType = sourcecode.c.objc; path = GameOverViewController.m; sourceTree = "<group>"; };
		D4EA65B91A1E0818002F3DAF /* GameViewController.h */ = {isa = PBXFileReference; fileEncoding = 4; lastKnownFileType = sourcecode.c.h; path = GameViewController.h; sourceTree = "<group>"; };
		D4EA65BA1A1E0818002F3DAF /* GameViewController.m */ = {isa = PBXFileReference; fileEncoding = 4; lastKnownFileType = sourcecode.c.objc; path = GameViewController.m; sourceTree = "<group>"; };
		D4EA65BC1A1E0904002F3DAF /* SettingViewController.h */ = {isa = PBXFileReference; fileEncoding = 4; lastKnownFileType = sourcecode.c.h; path = SettingViewController.h; sourceTree = "<group>"; };
		D4EA65BD1A1E0904002F3DAF /* SettingViewController.m */ = {isa = PBXFileReference; fileEncoding = 4; lastKnownFileType = sourcecode.c.objc; path = SettingViewController.m; sourceTree = "<group>"; };
		D4EA65C71A39B657002F3DAF /* cat.png */ = {isa = PBXFileReference; lastKnownFileType = image.png; path = cat.png; sourceTree = "<group>"; };
		D4FD46431A14C3AC00EC596E /* puzzle.app */ = {isa = PBXFileReference; explicitFileType = wrapper.application; includeInIndex = 0; path = puzzle.app; sourceTree = BUILT_PRODUCTS_DIR; };
		D4FD46461A14C3AC00EC596E /* Foundation.framework */ = {isa = PBXFileReference; lastKnownFileType = wrapper.framework; name = Foundation.framework; path = System/Library/Frameworks/Foundation.framework; sourceTree = SDKROOT; };
		D4FD46481A14C3AD00EC596E /* CoreGraphics.framework */ = {isa = PBXFileReference; lastKnownFileType = wrapper.framework; name = CoreGraphics.framework; path = System/Library/Frameworks/CoreGraphics.framework; sourceTree = SDKROOT; };
		D4FD464A1A14C3AD00EC596E /* UIKit.framework */ = {isa = PBXFileReference; lastKnownFileType = wrapper.framework; name = UIKit.framework; path = System/Library/Frameworks/UIKit.framework; sourceTree = SDKROOT; };
		D4FD464E1A14C3AD00EC596E /* puzzle-Info.plist */ = {isa = PBXFileReference; lastKnownFileType = text.plist.xml; path = "puzzle-Info.plist"; sourceTree = "<group>"; };
		D4FD46501A14C3AD00EC596E /* en */ = {isa = PBXFileReference; lastKnownFileType = text.plist.strings; name = en; path = en.lproj/InfoPlist.strings; sourceTree = "<group>"; };
		D4FD46521A14C3AD00EC596E /* main.m */ = {isa = PBXFileReference; lastKnownFileType = sourcecode.c.objc; path = main.m; sourceTree = "<group>"; };
		D4FD46541A14C3AD00EC596E /* puzzle-Prefix.pch */ = {isa = PBXFileReference; lastKnownFileType = sourcecode.c.h; path = "puzzle-Prefix.pch"; sourceTree = "<group>"; };
		D4FD46551A14C3AD00EC596E /* AppDelegate.h */ = {isa = PBXFileReference; lastKnownFileType = sourcecode.c.h; path = AppDelegate.h; sourceTree = "<group>"; };
		D4FD46561A14C3AD00EC596E /* AppDelegate.m */ = {isa = PBXFileReference; lastKnownFileType = sourcecode.c.objc; path = AppDelegate.m; sourceTree = "<group>"; };
		D4FD46591A14C3AD00EC596E /* Base */ = {isa = PBXFileReference; lastKnownFileType = file.storyboard; name = Base; path = Base.lproj/Main.storyboard; sourceTree = "<group>"; };
		D4FD465B1A14C3AD00EC596E /* ViewController.h */ = {isa = PBXFileReference; lastKnownFileType = sourcecode.c.h; path = ViewController.h; sourceTree = "<group>"; };
		D4FD465C1A14C3AD00EC596E /* ViewController.m */ = {isa = PBXFileReference; lastKnownFileType = sourcecode.c.objc; path = ViewController.m; sourceTree = "<group>"; };
		D4FD465E1A14C3AD00EC596E /* Images.xcassets */ = {isa = PBXFileReference; lastKnownFileType = folder.assetcatalog; path = Images.xcassets; sourceTree = "<group>"; };
		D4FD46641A14C3AD00EC596E /* puzzleTests.xctest */ = {isa = PBXFileReference; explicitFileType = wrapper.cfbundle; includeInIndex = 0; path = puzzleTests.xctest; sourceTree = BUILT_PRODUCTS_DIR; };
		D4FD46651A14C3AD00EC596E /* XCTest.framework */ = {isa = PBXFileReference; lastKnownFileType = wrapper.framework; name = XCTest.framework; path = Library/Frameworks/XCTest.framework; sourceTree = DEVELOPER_DIR; };
		D4FD466D1A14C3AD00EC596E /* puzzleTests-Info.plist */ = {isa = PBXFileReference; lastKnownFileType = text.plist.xml; path = "puzzleTests-Info.plist"; sourceTree = "<group>"; };
		D4FD466F1A14C3AD00EC596E /* en */ = {isa = PBXFileReference; lastKnownFileType = text.plist.strings; name = en; path = en.lproj/InfoPlist.strings; sourceTree = "<group>"; };
		D4FD46711A14C3AD00EC596E /* puzzleTests.m */ = {isa = PBXFileReference; lastKnownFileType = sourcecode.c.objc; path = puzzleTests.m; sourceTree = "<group>"; };
/* End PBXFileReference section */

/* Begin PBXFrameworksBuildPhase section */
		D4FD46401A14C3AC00EC596E /* Frameworks */ = {
			isa = PBXFrameworksBuildPhase;
			buildActionMask = 2147483647;
			files = (
				D4DC62711AB5613700187471 /* iAd.framework in Frameworks */,
				D49632EC1AB19F50001B9F34 /* AVFoundation.framework in Frameworks */,
				D49632E81AB19836001B9F34 /* AudioToolbox.framework in Frameworks */,
				D4FD46491A14C3AD00EC596E /* CoreGraphics.framework in Frameworks */,
				D4FD464B1A14C3AD00EC596E /* UIKit.framework in Frameworks */,
				D4FD46471A14C3AC00EC596E /* Foundation.framework in Frameworks */,
				9DB48147239DE5D4345F1F0C /* libPods.a in Frameworks */,
			);
			runOnlyForDeploymentPostprocessing = 0;
		};
		D4FD46611A14C3AD00EC596E /* Frameworks */ = {
			isa = PBXFrameworksBuildPhase;
			buildActionMask = 2147483647;
			files = (
				D4FD46661A14C3AD00EC596E /* XCTest.framework in Frameworks */,
				D4FD46681A14C3AD00EC596E /* UIKit.framework in Frameworks */,
				D4FD46671A14C3AD00EC596E /* Foundation.framework in Frameworks */,
			);
			runOnlyForDeploymentPostprocessing = 0;
		};
/* End PBXFrameworksBuildPhase section */

/* Begin PBXGroup section */
		C89C61D481114B26F0E3B2C7 /* Pods */ = {
			isa = PBXGroup;
			children = (
				29C0F5C5A387EAE0602137B4 /* Pods.debug.xcconfig */,
				6D441C4B5236D91B1A3C68CB /* Pods.release.xcconfig */,
			);
			name = Pods;
			sourceTree = "<group>";
		};
		D4FD463A1A14C3AC00EC596E = {
			isa = PBXGroup;
			children = (
				D4FD464C1A14C3AD00EC596E /* puzzle */,
				D4FD466B1A14C3AD00EC596E /* puzzleTests */,
				D4FD46451A14C3AC00EC596E /* Frameworks */,
				D4FD46441A14C3AC00EC596E /* Products */,
				C89C61D481114B26F0E3B2C7 /* Pods */,
			);
			sourceTree = "<group>";
		};
		D4FD46441A14C3AC00EC596E /* Products */ = {
			isa = PBXGroup;
			children = (
				D4FD46431A14C3AC00EC596E /* puzzle.app */,
				D4FD46641A14C3AD00EC596E /* puzzleTests.xctest */,
			);
			name = Products;
			sourceTree = "<group>";
		};
		D4FD46451A14C3AC00EC596E /* Frameworks */ = {
			isa = PBXGroup;
			children = (
				D4DC62701AB5613700187471 /* iAd.framework */,
				D49632EB1AB19F50001B9F34 /* AVFoundation.framework */,
				D49632E71AB19836001B9F34 /* AudioToolbox.framework */,
				D4FD46461A14C3AC00EC596E /* Foundation.framework */,
				D4FD46481A14C3AD00EC596E /* CoreGraphics.framework */,
				D4FD46651A14C3AD00EC596E /* XCTest.framework */,
				251671FF02CAF43658B4D6D7 /* libPods.a */,
			);
			name = Frameworks;
			sourceTree = "<group>";
		};
		D4FD464C1A14C3AD00EC596E /* puzzle */ = {
			isa = PBXGroup;
			children = (
				D4FD46551A14C3AD00EC596E /* AppDelegate.h */,
				D4FD46561A14C3AD00EC596E /* AppDelegate.m */,
				D4FD46581A14C3AD00EC596E /* Main.storyboard */,
				D4FD465B1A14C3AD00EC596E /* ViewController.h */,
				D4FD465C1A14C3AD00EC596E /* ViewController.m */,
				D4EA65BC1A1E0904002F3DAF /* SettingViewController.h */,
				D4EA65BD1A1E0904002F3DAF /* SettingViewController.m */,
				D4EA65B91A1E0818002F3DAF /* GameViewController.h */,
				D4EA65BA1A1E0818002F3DAF /* GameViewController.m */,
				D4EA65B61A1E07C2002F3DAF /* GameOverViewController.h */,
				D4EA65B71A1E07C2002F3DAF /* GameOverViewController.m */,
				D4DC62741ABAD48900187471 /* 花.png */,
				D432A9F21A8CC7B100EB5FD4 /* Abstract Floral Vector Illustration Artwork.jpg */,
				D42A9AAA1A9F2F6400A7F48D /* 18271_PHOTO.png */,
				D4D082581A95F624003C61B7 /* free_button_psd_2.png */,
				D4D082561A90B99A003C61B7 /* 15.png */,
				D42A9AAC1A9F30BA00A7F48D /* yjimage.png */,
				D49632EF1AB1A3F5001B9F34 /* 182.mp3 */,
				D49632ED1AB1A1E7001B9F34 /* 2877.mp3 */,
				D432A9E01A7F5DE600EB5FD4 /* pazuru.png */,
				D432A9DA1A7A4D0000EB5FD4 /* Flowers-Field-Nature-Sunny-iphone-5-wallpaper-ilikewallpaper_com.jpg */,
				D432A9D21A77C11800EB5FD4 /* flower-back1086.jpg */,
				D4EA65C71A39B657002F3DAF /* cat.png */,
				D432A9DE1A7A4D0500EB5FD4 /* 0012_1136_640-348x618.png */,
				D432A9DC1A7A4D0300EB5FD4 /* eac94babbc2f6c7_320x480.jpg */,
				D4FD465E1A14C3AD00EC596E /* Images.xcassets */,
				D4FD464D1A14C3AD00EC596E /* Supporting Files */,
			);
			path = puzzle;
			sourceTree = "<group>";
		};
		D4FD464D1A14C3AD00EC596E /* Supporting Files */ = {
			isa = PBXGroup;
			children = (
				D4FD464E1A14C3AD00EC596E /* puzzle-Info.plist */,
				D4FD464F1A14C3AD00EC596E /* InfoPlist.strings */,
				D4FD46521A14C3AD00EC596E /* main.m */,
				D4FD46541A14C3AD00EC596E /* puzzle-Prefix.pch */,
			);
			name = "Supporting Files";
			sourceTree = "<group>";
		};
		D4FD466B1A14C3AD00EC596E /* puzzleTests */ = {
			isa = PBXGroup;
			children = (
				D4FD46711A14C3AD00EC596E /* puzzleTests.m */,
				D4FD464A1A14C3AD00EC596E /* UIKit.framework */,
				D4FD466C1A14C3AD00EC596E /* Supporting Files */,
			);
			path = puzzleTests;
			sourceTree = "<group>";
		};
		D4FD466C1A14C3AD00EC596E /* Supporting Files */ = {
			isa = PBXGroup;
			children = (
				D4FD466D1A14C3AD00EC596E /* puzzleTests-Info.plist */,
				D4FD466E1A14C3AD00EC596E /* InfoPlist.strings */,
			);
			name = "Supporting Files";
			sourceTree = "<group>";
		};
/* End PBXGroup section */

/* Begin PBXNativeTarget section */
		D4FD46421A14C3AC00EC596E /* puzzle */ = {
			isa = PBXNativeTarget;
			buildConfigurationList = D4FD46751A14C3AD00EC596E /* Build configuration list for PBXNativeTarget "puzzle" */;
			buildPhases = (
				F59F1BDCBC74112CB379BEA7 /* Check Pods Manifest.lock */,
				D4FD463F1A14C3AC00EC596E /* Sources */,
				D4FD46401A14C3AC00EC596E /* Frameworks */,
				D4FD46411A14C3AC00EC596E /* Resources */,
				079C68748BE97B9921D43163 /* Copy Pods Resources */,
			);
			buildRules = (
			);
			dependencies = (
			);
			name = puzzle;
			productName = puzzle;
			productReference = D4FD46431A14C3AC00EC596E /* puzzle.app */;
			productType = "com.apple.product-type.application";
		};
		D4FD46631A14C3AD00EC596E /* puzzleTests */ = {
			isa = PBXNativeTarget;
			buildConfigurationList = D4FD46781A14C3AD00EC596E /* Build configuration list for PBXNativeTarget "puzzleTests" */;
			buildPhases = (
				D4FD46601A14C3AD00EC596E /* Sources */,
				D4FD46611A14C3AD00EC596E /* Frameworks */,
				D4FD46621A14C3AD00EC596E /* Resources */,
			);
			buildRules = (
			);
			dependencies = (
				D4FD466A1A14C3AD00EC596E /* PBXTargetDependency */,
			);
			name = puzzleTests;
			productName = puzzleTests;
			productReference = D4FD46641A14C3AD00EC596E /* puzzleTests.xctest */;
			productType = "com.apple.product-type.bundle.unit-test";
		};
/* End PBXNativeTarget section */

/* Begin PBXProject section */
		D4FD463B1A14C3AC00EC596E /* Project object */ = {
			isa = PBXProject;
			attributes = {
				LastUpgradeCheck = 0510;
				ORGANIZATIONNAME = JulieLee;
				TargetAttributes = {
					D4FD46421A14C3AC00EC596E = {
						DevelopmentTeam = CPAPXRNX7T;
					};
					D4FD46631A14C3AD00EC596E = {
						TestTargetID = D4FD46421A14C3AC00EC596E;
					};
				};
			};
			buildConfigurationList = D4FD463E1A14C3AC00EC596E /* Build configuration list for PBXProject "puzzle" */;
			compatibilityVersion = "Xcode 3.2";
			developmentRegion = English;
			hasScannedForEncodings = 0;
			knownRegions = (
				en,
				Base,
			);
			mainGroup = D4FD463A1A14C3AC00EC596E;
			productRefGroup = D4FD46441A14C3AC00EC596E /* Products */;
			projectDirPath = "";
			projectRoot = "";
			targets = (
				D4FD46421A14C3AC00EC596E /* puzzle */,
				D4FD46631A14C3AD00EC596E /* puzzleTests */,
			);
		};
/* End PBXProject section */

/* Begin PBXResourcesBuildPhase section */
		D4FD46411A14C3AC00EC596E /* Resources */ = {
			isa = PBXResourcesBuildPhase;
			buildActionMask = 2147483647;
			files = (
				D49632F01AB1A3F5001B9F34 /* 182.mp3 in Resources */,
				D49632EE1AB1A1E7001B9F34 /* 2877.mp3 in Resources */,
				D432A9F31A8CC7B100EB5FD4 /* Abstract Floral Vector Illustration Artwork.jpg in Resources */,
				D4D082591A95F625003C61B7 /* free_button_psd_2.png in Resources */,
				D42A9AAB1A9F2F6400A7F48D /* 18271_PHOTO.png in Resources */,
				D42A9AAD1A9F30BA00A7F48D /* yjimage.png in Resources */,
				D432A9DD1A7A4D0300EB5FD4 /* eac94babbc2f6c7_320x480.jpg in Resources */,
				D4FD465F1A14C3AD00EC596E /* Images.xcassets in Resources */,
				D432A9E11A7F5DE600EB5FD4 /* pazuru.png in Resources */,
				D4FD46511A14C3AD00EC596E /* InfoPlist.strings in Resources */,
				D432A9DB1A7A4D0000EB5FD4 /* Flowers-Field-Nature-Sunny-iphone-5-wallpaper-ilikewallpaper_com.jpg in Resources */,
				D4D082571A90B99A003C61B7 /* 15.png in Resources */,
				D4EA65C81A39B657002F3DAF /* cat.png in Resources */,
				D4DC62751ABAD48900187471 /* 花.png in Resources */,
				D432A9D31A77C11800EB5FD4 /* flower-back1086.jpg in Resources */,
				D4FD465A1A14C3AD00EC596E /* Main.storyboard in Resources */,
				D432A9DF1A7A4D0500EB5FD4 /* 0012_1136_640-348x618.png in Resources */,
			);
			runOnlyForDeploymentPostprocessing = 0;
		};
		D4FD46621A14C3AD00EC596E /* Resources */ = {
			isa = PBXResourcesBuildPhase;
			buildActionMask = 2147483647;
			files = (
				D4FD46701A14C3AD00EC596E /* InfoPlist.strings in Resources */,
			);
			runOnlyForDeploymentPostprocessing = 0;
		};
/* End PBXResourcesBuildPhase section */

/* Begin PBXShellScriptBuildPhase section */
		079C68748BE97B9921D43163 /* Copy Pods Resources */ = {
			isa = PBXShellScriptBuildPhase;
			buildActionMask = 2147483647;
			files = (
			);
			inputPaths = (
			);
			name = "Copy Pods Resources";
			outputPaths = (
			);
			runOnlyForDeploymentPostprocessing = 0;
			shellPath = /bin/sh;
			shellScript = "\"${SRCROOT}/Pods/Target Support Files/Pods/Pods-resources.sh\"\n";
			showEnvVarsInLog = 0;
		};
		F59F1BDCBC74112CB379BEA7 /* Check Pods Manifest.lock */ = {
			isa = PBXShellScriptBuildPhase;
			buildActionMask = 2147483647;
			files = (
			);
			inputPaths = (
			);
			name = "Check Pods Manifest.lock";
			outputPaths = (
			);
			runOnlyForDeploymentPostprocessing = 0;
			shellPath = /bin/sh;
			shellScript = "diff \"${PODS_ROOT}/../Podfile.lock\" \"${PODS_ROOT}/Manifest.lock\" > /dev/null\nif [[ $? != 0 ]] ; then\n    cat << EOM\nerror: The sandbox is not in sync with the Podfile.lock. Run 'pod install' or update your CocoaPods installation.\nEOM\n    exit 1\nfi\n";
			showEnvVarsInLog = 0;
		};
/* End PBXShellScriptBuildPhase section */

/* Begin PBXSourcesBuildPhase section */
		D4FD463F1A14C3AC00EC596E /* Sources */ = {
			isa = PBXSourcesBuildPhase;
			buildActionMask = 2147483647;
			files = (
				D4EA65BB1A1E0818002F3DAF /* GameViewController.m in Sources */,
				D4EA65B81A1E07C2002F3DAF /* GameOverViewController.m in Sources */,
				D4FD465D1A14C3AD00EC596E /* ViewController.m in Sources */,
				D4FD46571A14C3AD00EC596E /* AppDelegate.m in Sources */,
				D4FD46531A14C3AD00EC596E /* main.m in Sources */,
				D4EA65BE1A1E0904002F3DAF /* SettingViewController.m in Sources */,
			);
			runOnlyForDeploymentPostprocessing = 0;
		};
		D4FD46601A14C3AD00EC596E /* Sources */ = {
			isa = PBXSourcesBuildPhase;
			buildActionMask = 2147483647;
			files = (
				D4FD46721A14C3AD00EC596E /* puzzleTests.m in Sources */,
			);
			runOnlyForDeploymentPostprocessing = 0;
		};
/* End PBXSourcesBuildPhase section */

/* Begin PBXTargetDependency section */
		D4FD466A1A14C3AD00EC596E /* PBXTargetDependency */ = {
			isa = PBXTargetDependency;
			target = D4FD46421A14C3AC00EC596E /* puzzle */;
			targetProxy = D4FD46691A14C3AD00EC596E /* PBXContainerItemProxy */;
		};
/* End PBXTargetDependency section */

/* Begin PBXVariantGroup section */
		D4FD464F1A14C3AD00EC596E /* InfoPlist.strings */ = {
			isa = PBXVariantGroup;
			children = (
				D4FD46501A14C3AD00EC596E /* en */,
			);
			name = InfoPlist.strings;
			sourceTree = "<group>";
		};
		D4FD46581A14C3AD00EC596E /* Main.storyboard */ = {
			isa = PBXVariantGroup;
			children = (
				D4FD46591A14C3AD00EC596E /* Base */,
			);
			name = Main.storyboard;
			sourceTree = "<group>";
		};
		D4FD466E1A14C3AD00EC596E /* InfoPlist.strings */ = {
			isa = PBXVariantGroup;
			children = (
				D4FD466F1A14C3AD00EC596E /* en */,
			);
			name = InfoPlist.strings;
			sourceTree = "<group>";
		};
/* End PBXVariantGroup section */

/* Begin XCBuildConfiguration section */
		D4FD46731A14C3AD00EC596E /* Debug */ = {
			isa = XCBuildConfiguration;
			buildSettings = {
				ALWAYS_SEARCH_USER_PATHS = NO;
				CLANG_CXX_LANGUAGE_STANDARD = "gnu++0x";
				CLANG_CXX_LIBRARY = "libc++";
				CLANG_ENABLE_MODULES = YES;
				CLANG_ENABLE_OBJC_ARC = YES;
				CLANG_WARN_BOOL_CONVERSION = YES;
				CLANG_WARN_CONSTANT_CONVERSION = YES;
				CLANG_WARN_DIRECT_OBJC_ISA_USAGE = YES_ERROR;
				CLANG_WARN_EMPTY_BODY = YES;
				CLANG_WARN_ENUM_CONVERSION = YES;
				CLANG_WARN_INT_CONVERSION = YES;
				CLANG_WARN_OBJC_ROOT_CLASS = YES_ERROR;
				CLANG_WARN__DUPLICATE_METHOD_MATCH = YES;
				"CODE_SIGN_IDENTITY[sdk=iphoneos*]" = "iPhone Developer";
				COPY_PHASE_STRIP = NO;
				GCC_C_LANGUAGE_STANDARD = gnu99;
				GCC_DYNAMIC_NO_PIC = NO;
				GCC_OPTIMIZATION_LEVEL = 0;
				GCC_PREPROCESSOR_DEFINITIONS = (
					"DEBUG=1",
					"$(inherited)",
				);
				GCC_SYMBOLS_PRIVATE_EXTERN = NO;
				GCC_WARN_64_TO_32_BIT_CONVERSION = YES;
				GCC_WARN_ABOUT_RETURN_TYPE = YES_ERROR;
				GCC_WARN_UNDECLARED_SELECTOR = YES;
				GCC_WARN_UNINITIALIZED_AUTOS = YES_AGGRESSIVE;
				GCC_WARN_UNUSED_FUNCTION = YES;
				GCC_WARN_UNUSED_VARIABLE = YES;
				IPHONEOS_DEPLOYMENT_TARGET = 7.1;
				ONLY_ACTIVE_ARCH = YES;
				SDKROOT = iphoneos;
				VALIDATE_PRODUCT = YES;
			};
			name = Debug;
		};
		D4FD46741A14C3AD00EC596E /* Release */ = {
			isa = XCBuildConfiguration;
			buildSettings = {
				ALWAYS_SEARCH_USER_PATHS = NO;
				CLANG_CXX_LANGUAGE_STANDARD = "gnu++0x";
				CLANG_CXX_LIBRARY = "libc++";
				CLANG_ENABLE_MODULES = YES;
				CLANG_ENABLE_OBJC_ARC = YES;
				CLANG_WARN_BOOL_CONVERSION = YES;
				CLANG_WARN_CONSTANT_CONVERSION = YES;
				CLANG_WARN_DIRECT_OBJC_ISA_USAGE = YES_ERROR;
				CLANG_WARN_EMPTY_BODY = YES;
				CLANG_WARN_ENUM_CONVERSION = YES;
				CLANG_WARN_INT_CONVERSION = YES;
				CLANG_WARN_OBJC_ROOT_CLASS = YES_ERROR;
				CLANG_WARN__DUPLICATE_METHOD_MATCH = YES;
				"CODE_SIGN_IDENTITY[sdk=iphoneos*]" = "iPhone Developer";
				COPY_PHASE_STRIP = YES;
				ENABLE_NS_ASSERTIONS = NO;
				GCC_C_LANGUAGE_STANDARD = gnu99;
				GCC_WARN_64_TO_32_BIT_CONVERSION = YES;
				GCC_WARN_ABOUT_RETURN_TYPE = YES_ERROR;
				GCC_WARN_UNDECLARED_SELECTOR = YES;
				GCC_WARN_UNINITIALIZED_AUTOS = YES_AGGRESSIVE;
				GCC_WARN_UNUSED_FUNCTION = YES;
				GCC_WARN_UNUSED_VARIABLE = YES;
				IPHONEOS_DEPLOYMENT_TARGET = 7.1;
				ONLY_ACTIVE_ARCH = YES;
				SDKROOT = iphoneos;
				VALIDATE_PRODUCT = YES;
			};
			name = Release;
		};
		D4FD46761A14C3AD00EC596E /* Debug */ = {
			isa = XCBuildConfiguration;
			baseConfigurationReference = 29C0F5C5A387EAE0602137B4 /* Pods.debug.xcconfig */;
			buildSettings = {
				ASSETCATALOG_COMPILER_APPICON_NAME = AppIcon;
				ASSETCATALOG_COMPILER_LAUNCHIMAGE_NAME = LaunchImage;
				CODE_SIGN_IDENTITY = "iPhone Developer";
				GCC_PRECOMPILE_PREFIX_HEADER = YES;
				GCC_PREFIX_HEADER = "puzzle/puzzle-Prefix.pch";
				INFOPLIST_FILE = "puzzle/puzzle-Info.plist";
				IPHONEOS_DEPLOYMENT_TARGET = 7.0;
				PRODUCT_NAME = "$(TARGET_NAME)";
				WRAPPER_EXTENSION = app;
			};
			name = Debug;
		};
		D4FD46771A14C3AD00EC596E /* Release */ = {
			isa = XCBuildConfiguration;
			baseConfigurationReference = 6D441C4B5236D91B1A3C68CB /* Pods.release.xcconfig */;
			buildSettings = {
				ASSETCATALOG_COMPILER_APPICON_NAME = AppIcon;
				ASSETCATALOG_COMPILER_LAUNCHIMAGE_NAME = LaunchImage;
				CODE_SIGN_IDENTITY = "iPhone Distribution: Julie Lee (CPAPXRNX7T)";
				GCC_PRECOMPILE_PREFIX_HEADER = YES;
				GCC_PREFIX_HEADER = "puzzle/puzzle-Prefix.pch";
				INFOPLIST_FILE = "puzzle/puzzle-Info.plist";
				IPHONEOS_DEPLOYMENT_TARGET = 7.0;
				PRODUCT_NAME = "$(TARGET_NAME)";
				WRAPPER_EXTENSION = app;
			};
			name = Release;
		};
		D4FD46791A14C3AD00EC596E /* Debug */ = {
			isa = XCBuildConfiguration;
			buildSettings = {
				BUNDLE_LOADER = "$(BUILT_PRODUCTS_DIR)/puzzle.app/puzzle";
				FRAMEWORK_SEARCH_PATHS = (
					"$(SDKROOT)/Developer/Library/Frameworks",
					"$(inherited)",
					"$(DEVELOPER_FRAMEWORKS_DIR)",
				);
				GCC_PRECOMPILE_PREFIX_HEADER = YES;
				GCC_PREFIX_HEADER = "puzzle/puzzle-Prefix.pch";
				GCC_PREPROCESSOR_DEFINITIONS = (
					"DEBUG=1",
					"$(inherited)",
				);
				INFOPLIST_FILE = "puzzleTests/puzzleTests-Info.plist";
				PRODUCT_NAME = "$(TARGET_NAME)";
				TEST_HOST = "$(BUNDLE_LOADER)";
				WRAPPER_EXTENSION = xctest;
			};
			name = Debug;
		};
		D4FD467A1A14C3AD00EC596E /* Release */ = {
			isa = XCBuildConfiguration;
			buildSettings = {
				BUNDLE_LOADER = "$(BUILT_PRODUCTS_DIR)/puzzle.app/puzzle";
				FRAMEWORK_SEARCH_PATHS = (
					"$(SDKROOT)/Developer/Library/Frameworks",
					"$(inherited)",
					"$(DEVELOPER_FRAMEWORKS_DIR)",
				);
				GCC_PRECOMPILE_PREFIX_HEADER = YES;
				GCC_PREFIX_HEADER = "puzzle/puzzle-Prefix.pch";
				INFOPLIST_FILE = "puzzleTests/puzzleTests-Info.plist";
				PRODUCT_NAME = "$(TARGET_NAME)";
				TEST_HOST = "$(BUNDLE_LOADER)";
				WRAPPER_EXTENSION = xctest;
			};
			name = Release;
		};
/* End XCBuildConfiguration section */

/* Begin XCConfigurationList section */
		D4FD463E1A14C3AC00EC596E /* Build configuration list for PBXProject "puzzle" */ = {
			isa = XCConfigurationList;
			buildConfigurations = (
				D4FD46731A14C3AD00EC596E /* Debug */,
				D4FD46741A14C3AD00EC596E /* Release */,
			);
			defaultConfigurationIsVisible = 0;
			defaultConfigurationName = Release;
		};
		D4FD46751A14C3AD00EC596E /* Build configuration list for PBXNativeTarget "puzzle" */ = {
			isa = XCConfigurationList;
			buildConfigurations = (
				D4FD46761A14C3AD00EC596E /* Debug */,
				D4FD46771A14C3AD00EC596E /* Release */,
			);
			defaultConfigurationIsVisible = 0;
			defaultConfigurationName = Release;
		};
		D4FD46781A14C3AD00EC596E /* Build configuration list for PBXNativeTarget "puzzleTests" */ = {
			isa = XCConfigurationList;
			buildConfigurations = (
				D4FD46791A14C3AD00EC596E /* Debug */,
				D4FD467A1A14C3AD00EC596E /* Release */,
			);
			defaultConfigurationIsVisible = 0;
			defaultConfigurationName = Release;
		};
/* End XCConfigurationList section */
	};
	rootObject = D4FD463B1A14C3AC00EC596E /* Project object */;
}
